
Microsoft Visual Studio Solution File, Format Version 12.00
Project("{FAE04EC0-301F-11D3-BF4B-00C04F79EFBC}") = "Replacer", "Replacer\Replacer.csproj", "{218ECAAA-A991-498E-8E92-1D18CD6CD88B}"
EndProject
Project("{FAE04EC0-301F-11D3-BF4B-00C04F79EFBC}") = "Test", "Test\Test.csproj", "{77901E96-98AE-4E17-B641-920F9CED2B1F}"
EndProject
Global
	GlobalSection(SolutionConfigurationPlatforms) = preSolution
		Debug|Any CPU = Debug|Any CPU
		Release|Any CPU = Release|Any CPU
	EndGlobalSection
	GlobalSection(ProjectConfigurationPlatforms) = postSolution
		{218ECAAA-A991-498E-8E92-1D18CD6CD88B}.Debug|Any CPU.ActiveCfg = Debug|Any CPU
		{218ECAAA-A991-498E-8E92-1D18CD6CD88B}.Debug|Any CPU.Build.0 = Debug|Any CPU
		{218ECAAA-A991-498E-8E92-1D18CD6CD88B}.Release|Any CPU.ActiveCfg = Release|Any CPU
		{218ECAAA-A991-498E-8E92-1D18CD6CD88B}.Release|Any CPU.Build.0 = Release|Any CPU
		{77901E96-98AE-4E17-B641-920F9CED2B1F}.Debug|Any CPU.ActiveCfg = Debug|Any CPU
		{77901E96-98AE-4E17-B641-920F9CED2B1F}.Debug|Any CPU.Build.0 = Debug|Any CPU
		{77901E96-98AE-4E17-B641-920F9CED2B1F}.Release|Any CPU.ActiveCfg = Release|Any CPU
		{77901E96-98AE-4E17-B641-920F9CED2B1F}.Release|Any CPU.Build.0 = Release|Any CPU
	EndGlobalSection
EndGlobal
